
Microsoft Visual Studio Solution File, Format Version 12.00
# Visual Studio Version 16
VisualStudioVersion = 16.0.30621.155
MinimumVisualStudioVersion = 10.0.40219.1
Project("{2150E333-8FDC-42A3-9474-1A3956D46DE8}") = "Solution Items", "Solution Items", "{FDF125EE-E112-4DCC-AB87-FDC70E8B1165}"
	ProjectSection(SolutionItems) = preProject
		README.md = README.md
	EndProjectSection
EndProject
Project("{8BC9CEB8-8B4A-11D0-8D11-00A0C91BC942}") = "3calibration", "3calibration\3calibration.vcxproj", "{81E08291-DD94-4289-9C11-E7324332BDFD}"
EndProject
Project("{8BC9CEB8-8B4A-11D0-8D11-00A0C91BC942}") = "application_trace", "application_trace\application_trace.vcxproj", "{28DEC77F-D212-487F-A2F6-B9C9B02B78A6}"
EndProject
Project("{8BC9CEB8-8B4A-11D0-8D11-00A0C91BC942}") = "bgfg_segm", "bgfg_segm\bgfg_segm.vcxproj", "{583DC464-436A-4B41-B6F4-28EFF23761CC}"
EndProject
Project("{8BC9CEB8-8B4A-11D0-8D11-00A0C91BC942}") = "calibration", "calibration\calibration.vcxproj", "{08885A96-D8E5-4E35-8732-A6545DE7ADE0}"
EndProject
Project("{8BC9CEB8-8B4A-11D0-8D11-00A0C91BC942}") = "camshiftdemo", "camshiftdemo\camshiftdemo.vcxproj", "{47F809DD-3411-4F52-AD35-6EDE8C411603}"
EndProject
Project("{8BC9CEB8-8B4A-11D0-8D11-00A0C91BC942}") = "cloning_demo", "cloning_demo\cloning_demo.vcxproj", "{55B33433-F9BE-4663-887F-9DB4AAFE958F}"
EndProject
Project("{8BC9CEB8-8B4A-11D0-8D11-00A0C91BC942}") = "cloning_gui", "cloning_gui\cloning_gui.vcxproj", "{C37666E6-A006-4080-B858-331D3CB2CDD2}"
EndProject
Project("{8BC9CEB8-8B4A-11D0-8D11-00A0C91BC942}") = "connected_components", "connected_components\connected_components.vcxproj", "{618BD960-F107-4A61-9B13-2769DC4BE531}"
EndProject
Project("{8BC9CEB8-8B4A-11D0-8D11-00A0C91BC942}") = "contours2", "contours2\contours2.vcxproj", "{DE84A17D-A688-44C4-8630-CF14E4A578A8}"
EndProject
Project("{8BC9CEB8-8B4A-11D0-8D11-00A0C91BC942}") = "convexhull", "convexhull\convexhull.vcxproj", "{2090D5C7-D349-4E5D-9B1D-8098D0B8073C}"
EndProject
Project("{8BC9CEB8-8B4A-11D0-8D11-00A0C91BC942}") = "cout_mat", "cout_mat\cout_mat.vcxproj", "{DD2A923D-3BB4-4FA4-B406-2DDE650E6419}"
EndProject
Project("{8BC9CEB8-8B4A-11D0-8D11-00A0C91BC942}") = "create_mask", "create_mask\create_mask.vcxproj", "{1FF4395F-B85F-4163-8D8C-47A92F7C3800}"
EndProject
Project("{8BC9CEB8-8B4A-11D0-8D11-00A0C91BC942}") = "dbt_face_detection", "dbt_face_detection\dbt_face_detection.vcxproj", "{49BE9CD7-7362-45AC-9CA5-82551C7EF2A0}"
EndProject
Project("{8BC9CEB8-8B4A-11D0-8D11-00A0C91BC942}") = "delaunay2", "delaunay2\delaunay2.vcxproj", "{57C7FFF5-6DFC-4973-A1B7-B05DC290E1A3}"
EndProject
Project("{8BC9CEB8-8B4A-11D0-8D11-00A0C91BC942}") = "demhist", "demhist\demhist.vcxproj", "{D85D9C5B-AC9F-475A-BB8E-395F7BE4E92F}"
EndProject
Project("{8BC9CEB8-8B4A-11D0-8D11-00A0C91BC942}") = "detect_blob", "detect_blob\detect_blob.vcxproj", "{E2EA38D6-EEAA-426B-804B-A4D6E6D53356}"
EndProject
Project("{8BC9CEB8-8B4A-11D0-8D11-00A0C91BC942}") = "detect_mser", "detect_mser\detect_mser.vcxproj", "{510D7D69-0FE0-4302-AFD0-04AFE48BCDF0}"
EndProject
Project("{8BC9CEB8-8B4A-11D0-8D11-00A0C91BC942}") = "dft", "dft\dft.vcxproj", "{44B4B42E-DB95-4976-963F-38C3DF34C7D7}"
EndProject
Project("{8BC9CEB8-8B4A-11D0-8D11-00A0C91BC942}") = "digits_lenet", "digits_lenet\digits_lenet.vcxproj", "{A89AED75-9930-48D6-AD54-2EA6AB61B104}"
EndProject
Project("{8BC9CEB8-8B4A-11D0-8D11-00A0C91BC942}") = "digits_svm", "digits_svm\digits_svm.vcxproj", "{C8CF2C95-5FE7-44CA-AA53-9A6091754E4E}"
EndProject
Project("{8BC9CEB8-8B4A-11D0-8D11-00A0C91BC942}") = "dis_opticalflow", "dis_opticalflow\dis_opticalflow.vcxproj", "{F939D9BA-ADD7-4BCF-B7D2-A0E754CF9628}"
EndProject
Project("{8BC9CEB8-8B4A-11D0-8D11-00A0C91BC942}") = "distrans", "distrans\distrans.vcxproj", "{5F253D79-21A3-4CE8-A17E-EB96D0B41CF8}"
EndProject
Project("{8BC9CEB8-8B4A-11D0-8D11-00A0C91BC942}") = "drawing", "drawing\drawing.vcxproj", "{85F5C7BF-E653-4D4C-B4E9-A41A4D519AB6}"
EndProject
Project("{8BC9CEB8-8B4A-11D0-8D11-00A0C91BC942}") = "edge", "edge\edge.vcxproj", "{33A3B652-AC4D-4BC3-99DC-488B8B242E9B}"
EndProject
Project("{8BC9CEB8-8B4A-11D0-8D11-00A0C91BC942}") = "ela", "ela\ela.vcxproj", "{32726A9B-AB09-4E70-845F-BD3F5343A205}"
EndProject
Project("{8BC9CEB8-8B4A-11D0-8D11-00A0C91BC942}") = "em", "em\em.vcxproj", "{554301A8-2FD7-4DA7-8B43-53F628DF75A0}"
EndProject
Project("{8BC9CEB8-8B4A-11D0-8D11-00A0C91BC942}") = "facedetect", "facedetect\facedetect.vcxproj", "{474DCAE7-4622-4388-9C19-D346FD33A06E}"
EndProject
Project("{8BC9CEB8-8B4A-11D0-8D11-00A0C91BC942}") = "facial_features", "facial_features\facial_features.vcxproj", "{4C2CB18F-0C36-4DEA-850B-5CAFD8399209}"
EndProject
Project("{8BC9CEB8-8B4A-11D0-8D11-00A0C91BC942}") = "falsecolor", "falsecolor\falsecolor.vcxproj", "{EAD731F3-68CE-4ECA-984F-4B45DA571AC1}"
EndProject
Project("{8BC9CEB8-8B4A-11D0-8D11-00A0C91BC942}") = "fback", "fback\fback.vcxproj", "{88B34D60-E12A-4626-BEAB-BBB253C14966}"
EndProject
Project("{8BC9CEB8-8B4A-11D0-8D11-00A0C91BC942}") = "ffilldemo", "ffilldemo\ffilldemo.vcxproj", "{1D2C4A43-090B-400B-AC35-DF0F9DDEA031}"
EndProject
Project("{8BC9CEB8-8B4A-11D0-8D11-00A0C91BC942}") = "filestorage", "filestorage\filestorage.vcxproj", "{576DB566-6A02-4D3D-A6D3-3C8559947232}"
EndProject
Project("{8BC9CEB8-8B4A-11D0-8D11-00A0C91BC942}") = "fitellipse", "fitellipse\fitellipse.vcxproj", "{237587A6-711E-477C-B78F-21EA84602E5D}"
EndProject
Project("{8BC9CEB8-8B4A-11D0-8D11-00A0C91BC942}") = "flann_search_dataset", "flann_search_dataset\flann_search_dataset.vcxproj", "{9733CE66-D152-475E-9002-AAB0B6E1BA14}"
EndProject
Project("{8BC9CEB8-8B4A-11D0-8D11-00A0C91BC942}") = "grabcut", "grabcut\grabcut.vcxproj", "{0664CCD8-6AFC-444E-93AF-321FEBB717A8}"
EndProject
Project("{8BC9CEB8-8B4A-11D0-8D11-00A0C91BC942}") = "image_alignment", "image_alignment\image_alignment.vcxproj", "{578A9DC1-A5BA-4594-A4F6-DE7926E7AB05}"
EndProject
Project("{8BC9CEB8-8B4A-11D0-8D11-00A0C91BC942}") = "imagelist_creator", "imagelist_creator\imagelist_creator.vcxproj", "{9985040D-3C34-4545-81E5-CFE667DE3DFD}"
EndProject
Project("{8BC9CEB8-8B4A-11D0-8D11-00A0C91BC942}") = "imagelist_reader", "imagelist_reader\imagelist_reader.vcxproj", "{F3AC65D8-BF6E-4487-8ACD-C13A9074F953}"
EndProject
Project("{8BC9CEB8-8B4A-11D0-8D11-00A0C91BC942}") = "inpaint", "inpaint\inpaint.vcxproj", "{84744033-F405-4E44-9515-4C721A9D68D7}"
EndProject
Project("{8BC9CEB8-8B4A-11D0-8D11-00A0C91BC942}") = "intelligent_scissors", "intelligent_scissors\intelligent_scissors.vcxproj", "{EACB8322-20D8-4363-AAEB-6F4682834A97}"
EndProject
Project("{8BC9CEB8-8B4A-11D0-8D11-00A0C91BC942}") = "intersectExample", "intersectExample\intersectExample.vcxproj", "{C6799435-B330-4B59-92F7-F2B2EFB35761}"
EndProject
Project("{8BC9CEB8-8B4A-11D0-8D11-00A0C91BC942}") = "kalman", "kalman\kalman.vcxproj", "{C1C2E155-D53D-4A2C-A480-314086EEF44D}"
EndProject
Project("{8BC9CEB8-8B4A-11D0-8D11-00A0C91BC942}") = "kmeans", "kmeans\kmeans.vcxproj", "{D15ADD2B-33D8-4638-AEDA-3AC191FD85AE}"
EndProject
Project("{8BC9CEB8-8B4A-11D0-8D11-00A0C91BC942}") = "laplace", "laplace\laplace.vcxproj", "{3697F166-4C54-404B-B51C-DAD3DDFFDA42}"
EndProject
Project("{8BC9CEB8-8B4A-11D0-8D11-00A0C91BC942}") = "letter_recog", "letter_recog\letter_recog.vcxproj", "{45C6EFBD-B3F5-4D33-9329-0CC95331DFFD}"
EndProject
Project("{8BC9CEB8-8B4A-11D0-8D11-00A0C91BC942}") = "lkdemo", "lkdemo\lkdemo.vcxproj", "{EE6D50EA-AE86-4D86-A647-285C098E953F}"
EndProject
Project("{8BC9CEB8-8B4A-11D0-8D11-00A0C91BC942}") = "logistic_regression", "logistic_regression\logistic_regression.vcxproj", "{F245405E-BD7C-4BAB-80C7-0B25FC05ED33}"
EndProject
Project("{8BC9CEB8-8B4A-11D0-8D11-00A0C91BC942}") = "mask_tmpl", "mask_tmpl\mask_tmpl.vcxproj", "{186BDF25-DF9E-424A-A7D1-6D9D1608C918}"
EndProject
Project("{8BC9CEB8-8B4A-11D0-8D11-00A0C91BC942}") = "matchmethod_orb_akaze_brisk", "matchmethod_orb_akaze_brisk\matchmethod_orb_akaze_brisk.vcxproj", "{3F450623-D872-40ED-8CF0-697FE21BBFE4}"
EndProject
Project("{8BC9CEB8-8B4A-11D0-8D11-00A0C91BC942}") = "minarea", "minarea\minarea.vcxproj", "{161135A7-96AF-4008-A7D7-C332098EA6F1}"
EndProject
Project("{8BC9CEB8-8B4A-11D0-8D11-00A0C91BC942}") = "morphology2", "morphology2\morphology2.vcxproj", "{3EEAEF82-F3DE-440D-9510-A73FFEC50D78}"
EndProject
Project("{8BC9CEB8-8B4A-11D0-8D11-00A0C91BC942}") = "neural_network", "neural_network\neural_network.vcxproj", "{5AE15CB7-EB90-476F-87F3-DFB4EF74C12E}"
EndProject
Project("{8BC9CEB8-8B4A-11D0-8D11-00A0C91BC942}") = "npr_demo", "npr_demo\npr_demo.vcxproj", "{59140ED4-C580-4F62-B9D8-F71F121D6F8B}"
EndProject
Project("{8BC9CEB8-8B4A-11D0-8D11-00A0C91BC942}") = "opencv_version", "opencv_version\opencv_version.vcxproj", "{47F0A404-50BF-4744-AEBA-66986B975542}"
EndProject
Project("{8BC9CEB8-8B4A-11D0-8D11-00A0C91BC942}") = "pca", "pca\pca.vcxproj", "{E242436C-E8A4-4929-8DAE-126F3F06E857}"
EndProject
Project("{8BC9CEB8-8B4A-11D0-8D11-00A0C91BC942}") = "peopledetect", "peopledetect\peopledetect.vcxproj", "{122DD879-B65C-47AB-9292-E4253D57A39C}"
EndProject
Project("{8BC9CEB8-8B4A-11D0-8D11-00A0C91BC942}") = "phase_corr", "phase_corr\phase_corr.vcxproj", "{50730014-F436-4764-B5BB-1DA913ABDBDB}"
EndProject
Project("{8BC9CEB8-8B4A-11D0-8D11-00A0C91BC942}") = "points_classifier", "points_classifier\points_classifier.vcxproj", "{6555686C-0990-4A41-ACFF-86DC84AB9014}"
EndProject
Project("{8BC9CEB8-8B4A-11D0-8D11-00A0C91BC942}") = "polar_transforms", "polar_transforms\polar_transforms.vcxproj", "{5890A2C1-5047-4976-A4B2-D51741FDA888}"
EndProject
Project("{8BC9CEB8-8B4A-11D0-8D11-00A0C91BC942}") = "qrcode", "qrcode\qrcode.vcxproj", "{B34166F2-099A-455B-90FA-DBAEB790A509}"
EndProject
Project("{8BC9CEB8-8B4A-11D0-8D11-00A0C91BC942}") = "segment_objects", "segment_objects\segment_objects.vcxproj", "{EECAFA8F-1233-441A-9058-7B9B3B2D597E}"
EndProject
Project("{8BC9CEB8-8B4A-11D0-8D11-00A0C91BC942}") = "select3dobj", "select3dobj\select3dobj.vcxproj", "{4C4AD82F-076A-4019-A191-DAEDCF8AD7B9}"
EndProject
Project("{8BC9CEB8-8B4A-11D0-8D11-00A0C91BC942}") = "simd_basic", "simd_basic\simd_basic.vcxproj", "{06D5EBB5-3CBE-4E24-B537-A150E6522289}"
EndProject
Project("{8BC9CEB8-8B4A-11D0-8D11-00A0C91BC942}") = "smiledetect", "smiledetect\smiledetect.vcxproj", "{A30EA704-0A40-49B8-A1B5-21C2D60AF7FF}"
EndProject
Project("{8BC9CEB8-8B4A-11D0-8D11-00A0C91BC942}") = "squares", "squares\squares.vcxproj", "{83EC2E84-3196-4816-95CB-F0C1817C78CE}"
EndProject
Project("{8BC9CEB8-8B4A-11D0-8D11-00A0C91BC942}") = "stereo_calib", "stereo_calib\stereo_calib.vcxproj", "{21A9266F-6262-4B77-A4C4-FEC04E824F3F}"
EndProject
Project("{8BC9CEB8-8B4A-11D0-8D11-00A0C91BC942}") = "stereo_match", "stereo_match\stereo_match.vcxproj", "{45E38BA7-DD5A-4EFF-8D2B-931AB5F6FE2E}"
EndProject
Project("{8BC9CEB8-8B4A-11D0-8D11-00A0C91BC942}") = "stitching", "stitching\stitching.vcxproj", "{C9F67C9C-ADF2-42A5-AE69-30A66D92FBE7}"
EndProject
Project("{8BC9CEB8-8B4A-11D0-8D11-00A0C91BC942}") = "text_skewness_correction", "text_skewness_correction\text_skewness_correction.vcxproj", "{CC210F71-2AE3-4EA3-BCCF-798372BE3AAC}"
EndProject
Project("{8BC9CEB8-8B4A-11D0-8D11-00A0C91BC942}") = "train_HOG", "train_HOG\train_HOG.vcxproj", "{A67123FA-0EA2-4BA3-BBE3-49747581EDA6}"
EndProject
Project("{8BC9CEB8-8B4A-11D0-8D11-00A0C91BC942}") = "train_svmsgd", "train_svmsgd\train_svmsgd.vcxproj", "{B7C7D6FE-CC2C-45A4-AA5B-A2B87F6654F3}"
EndProject
Project("{8BC9CEB8-8B4A-11D0-8D11-00A0C91BC942}") = "travelsalesman", "travelsalesman\travelsalesman.vcxproj", "{BADE3632-E2D6-47EC-9764-1C9EC2A8F94C}"
EndProject
Project("{8BC9CEB8-8B4A-11D0-8D11-00A0C91BC942}") = "tree_engine", "tree_engine\tree_engine.vcxproj", "{D48BAC26-B41E-4D6B-A6D1-BB9CFCF9CE47}"
EndProject
Project("{8BC9CEB8-8B4A-11D0-8D11-00A0C91BC942}") = "videocapture_basic", "videocapture_basic\videocapture_basic.vcxproj", "{95EFD069-A2D8-4ACF-993B-A65449A8B631}"
EndProject
Project("{8BC9CEB8-8B4A-11D0-8D11-00A0C91BC942}") = "videocapture_camera", "videocapture_camera\videocapture_camera.vcxproj", "{653D447B-A79C-4CE9-BEBC-CD9FDAD245E6}"
EndProject
Project("{8BC9CEB8-8B4A-11D0-8D11-00A0C91BC942}") = "videocapture_gphoto2_autofocus", "videocapture_gphoto2_autofocus\videocapture_gphoto2_autofocus.vcxproj", "{2BC456C2-2D1B-4544-A3F7-B9161BC173B1}"
EndProject
Project("{8BC9CEB8-8B4A-11D0-8D11-00A0C91BC942}") = "videocapture_gstreamer_pipeline", "videocapture_gstreamer_pipeline\videocapture_gstreamer_pipeline.vcxproj", "{EF350FF6-426B-4930-AA55-EB5E25679F83}"
EndProject
Project("{8BC9CEB8-8B4A-11D0-8D11-00A0C91BC942}") = "videocapture_image_sequence", "videocapture_image_sequence\videocapture_image_sequence.vcxproj", "{7E4CDF6C-C31C-4A42-A573-082F66EE588E}"
EndProject
Project("{8BC9CEB8-8B4A-11D0-8D11-00A0C91BC942}") = "videocapture_intelperc", "videocapture_intelperc\videocapture_intelperc.vcxproj", "{7C630BFB-F7D8-4D55-A48A-D610418E9066}"
EndProject
Project("{8BC9CEB8-8B4A-11D0-8D11-00A0C91BC942}") = "videocapture_openni", "videocapture_openni\videocapture_openni.vcxproj", "{3E5C543D-1244-462B-B975-F74F18C02FC2}"
EndProject
Project("{8BC9CEB8-8B4A-11D0-8D11-00A0C91BC942}") = "videocapture_starter", "videocapture_starter\videocapture_starter.vcxproj", "{5389EBA3-1F04-4D08-A5DF-3336A5EC5F86}"
EndProject
Project("{8BC9CEB8-8B4A-11D0-8D11-00A0C91BC942}") = "videowriter_basic", "videowriter_basic\videowriter_basic.vcxproj", "{6E218134-DD35-4081-B0F6-6B510A083216}"
EndProject
Project("{8BC9CEB8-8B4A-11D0-8D11-00A0C91BC942}") = "warpPerspective_demo", "warpPerspective_demo\warpPerspective_demo.vcxproj", "{5D844EC4-EB3D-4A2E-A6D9-1B4F42D75C42}"
EndProject
Project("{8BC9CEB8-8B4A-11D0-8D11-00A0C91BC942}") = "watershed", "watershed\watershed.vcxproj", "{94152A25-9452-47C3-9987-60E1D807B87B}"
EndProject
Global
	GlobalSection(SolutionConfigurationPlatforms) = preSolution
		Debug|x64 = Debug|x64
		Release|x64 = Release|x64
	EndGlobalSection
	GlobalSection(ProjectConfigurationPlatforms) = postSolution
		{81E08291-DD94-4289-9C11-E7324332BDFD}.Debug|x64.ActiveCfg = Debug|x64
		{81E08291-DD94-4289-9C11-E7324332BDFD}.Debug|x64.Build.0 = Debug|x64
		{81E08291-DD94-4289-9C11-E7324332BDFD}.Release|x64.ActiveCfg = Release|x64
		{81E08291-DD94-4289-9C11-E7324332BDFD}.Release|x64.Build.0 = Release|x64
		{28DEC77F-D212-487F-A2F6-B9C9B02B78A6}.Debug|x64.ActiveCfg = Debug|x64
		{28DEC77F-D212-487F-A2F6-B9C9B02B78A6}.Debug|x64.Build.0 = Debug|x64
		{28DEC77F-D212-487F-A2F6-B9C9B02B78A6}.Release|x64.ActiveCfg = Release|x64
		{28DEC77F-D212-487F-A2F6-B9C9B02B78A6}.Release|x64.Build.0 = Release|x64
		{583DC464-436A-4B41-B6F4-28EFF23761CC}.Debug|x64.ActiveCfg = Debug|x64
		{583DC464-436A-4B41-B6F4-28EFF23761CC}.Debug|x64.Build.0 = Debug|x64
		{583DC464-436A-4B41-B6F4-28EFF23761CC}.Release|x64.ActiveCfg = Release|x64
		{583DC464-436A-4B41-B6F4-28EFF23761CC}.Release|x64.Build.0 = Release|x64
		{08885A96-D8E5-4E35-8732-A6545DE7ADE0}.Debug|x64.ActiveCfg = Debug|x64
		{08885A96-D8E5-4E35-8732-A6545DE7ADE0}.Debug|x64.Build.0 = Debug|x64
		{08885A96-D8E5-4E35-8732-A6545DE7ADE0}.Release|x64.ActiveCfg = Release|x64
		{08885A96-D8E5-4E35-8732-A6545DE7ADE0}.Release|x64.Build.0 = Release|x64
		{47F809DD-3411-4F52-AD35-6EDE8C411603}.Debug|x64.ActiveCfg = Debug|x64
		{47F809DD-3411-4F52-AD35-6EDE8C411603}.Debug|x64.Build.0 = Debug|x64
		{47F809DD-3411-4F52-AD35-6EDE8C411603}.Release|x64.ActiveCfg = Release|x64
		{47F809DD-3411-4F52-AD35-6EDE8C411603}.Release|x64.Build.0 = Release|x64
		{55B33433-F9BE-4663-887F-9DB4AAFE958F}.Debug|x64.ActiveCfg = Debug|x64
		{55B33433-F9BE-4663-887F-9DB4AAFE958F}.Debug|x64.Build.0 = Debug|x64
		{55B33433-F9BE-4663-887F-9DB4AAFE958F}.Release|x64.ActiveCfg = Release|x64
		{55B33433-F9BE-4663-887F-9DB4AAFE958F}.Release|x64.Build.0 = Release|x64
		{C37666E6-A006-4080-B858-331D3CB2CDD2}.Debug|x64.ActiveCfg = Debug|x64
		{C37666E6-A006-4080-B858-331D3CB2CDD2}.Debug|x64.Build.0 = Debug|x64
		{C37666E6-A006-4080-B858-331D3CB2CDD2}.Release|x64.ActiveCfg = Release|x64
		{C37666E6-A006-4080-B858-331D3CB2CDD2}.Release|x64.Build.0 = Release|x64
		{618BD960-F107-4A61-9B13-2769DC4BE531}.Debug|x64.ActiveCfg = Debug|x64
		{618BD960-F107-4A61-9B13-2769DC4BE531}.Debug|x64.Build.0 = Debug|x64
		{618BD960-F107-4A61-9B13-2769DC4BE531}.Release|x64.ActiveCfg = Release|x64
		{618BD960-F107-4A61-9B13-2769DC4BE531}.Release|x64.Build.0 = Release|x64
		{DE84A17D-A688-44C4-8630-CF14E4A578A8}.Debug|x64.ActiveCfg = Debug|x64
		{DE84A17D-A688-44C4-8630-CF14E4A578A8}.Debug|x64.Build.0 = Debug|x64
		{DE84A17D-A688-44C4-8630-CF14E4A578A8}.Release|x64.ActiveCfg = Release|x64
		{DE84A17D-A688-44C4-8630-CF14E4A578A8}.Release|x64.Build.0 = Release|x64
		{2090D5C7-D349-4E5D-9B1D-8098D0B8073C}.Debug|x64.ActiveCfg = Debug|x64
		{2090D5C7-D349-4E5D-9B1D-8098D0B8073C}.Debug|x64.Build.0 = Debug|x64
		{2090D5C7-D349-4E5D-9B1D-8098D0B8073C}.Release|x64.ActiveCfg = Release|x64
		{2090D5C7-D349-4E5D-9B1D-8098D0B8073C}.Release|x64.Build.0 = Release|x64
		{DD2A923D-3BB4-4FA4-B406-2DDE650E6419}.Debug|x64.ActiveCfg = Debug|x64
		{DD2A923D-3BB4-4FA4-B406-2DDE650E6419}.Debug|x64.Build.0 = Debug|x64
		{DD2A923D-3BB4-4FA4-B406-2DDE650E6419}.Release|x64.ActiveCfg = Release|x64
		{DD2A923D-3BB4-4FA4-B406-2DDE650E6419}.Release|x64.Build.0 = Release|x64
		{1FF4395F-B85F-4163-8D8C-47A92F7C3800}.Debug|x64.ActiveCfg = Debug|x64
		{1FF4395F-B85F-4163-8D8C-47A92F7C3800}.Debug|x64.Build.0 = Debug|x64
		{1FF4395F-B85F-4163-8D8C-47A92F7C3800}.Release|x64.ActiveCfg = Release|x64
		{1FF4395F-B85F-4163-8D8C-47A92F7C3800}.Release|x64.Build.0 = Release|x64
		{49BE9CD7-7362-45AC-9CA5-82551C7EF2A0}.Debug|x64.ActiveCfg = Debug|x64
		{49BE9CD7-7362-45AC-9CA5-82551C7EF2A0}.Debug|x64.Build.0 = Debug|x64
		{49BE9CD7-7362-45AC-9CA5-82551C7EF2A0}.Release|x64.ActiveCfg = Release|x64
		{49BE9CD7-7362-45AC-9CA5-82551C7EF2A0}.Release|x64.Build.0 = Release|x64
		{57C7FFF5-6DFC-4973-A1B7-B05DC290E1A3}.Debug|x64.ActiveCfg = Debug|x64
		{57C7FFF5-6DFC-4973-A1B7-B05DC290E1A3}.Debug|x64.Build.0 = Debug|x64
		{57C7FFF5-6DFC-4973-A1B7-B05DC290E1A3}.Release|x64.ActiveCfg = Release|x64
		{57C7FFF5-6DFC-4973-A1B7-B05DC290E1A3}.Release|x64.Build.0 = Release|x64
		{D85D9C5B-AC9F-475A-BB8E-395F7BE4E92F}.Debug|x64.ActiveCfg = Debug|x64
		{D85D9C5B-AC9F-475A-BB8E-395F7BE4E92F}.Debug|x64.Build.0 = Debug|x64
		{D85D9C5B-AC9F-475A-BB8E-395F7BE4E92F}.Release|x64.ActiveCfg = Release|x64
		{D85D9C5B-AC9F-475A-BB8E-395F7BE4E92F}.Release|x64.Build.0 = Release|x64
		{E2EA38D6-EEAA-426B-804B-A4D6E6D53356}.Debug|x64.ActiveCfg = Debug|x64
		{E2EA38D6-EEAA-426B-804B-A4D6E6D53356}.Debug|x64.Build.0 = Debug|x64
		{E2EA38D6-EEAA-426B-804B-A4D6E6D53356}.Release|x64.ActiveCfg = Release|x64
		{E2EA38D6-EEAA-426B-804B-A4D6E6D53356}.Release|x64.Build.0 = Release|x64
		{510D7D69-0FE0-4302-AFD0-04AFE48BCDF0}.Debug|x64.ActiveCfg = Debug|x64
		{510D7D69-0FE0-4302-AFD0-04AFE48BCDF0}.Debug|x64.Build.0 = Debug|x64
		{510D7D69-0FE0-4302-AFD0-04AFE48BCDF0}.Release|x64.ActiveCfg = Release|x64
		{510D7D69-0FE0-4302-AFD0-04AFE48BCDF0}.Release|x64.Build.0 = Release|x64
		{44B4B42E-DB95-4976-963F-38C3DF34C7D7}.Debug|x64.ActiveCfg = Debug|x64
		{44B4B42E-DB95-4976-963F-38C3DF34C7D7}.Debug|x64.Build.0 = Debug|x64
		{44B4B42E-DB95-4976-963F-38C3DF34C7D7}.Release|x64.ActiveCfg = Release|x64
		{44B4B42E-DB95-4976-963F-38C3DF34C7D7}.Release|x64.Build.0 = Release|x64
		{A89AED75-9930-48D6-AD54-2EA6AB61B104}.Debug|x64.ActiveCfg = Debug|x64
		{A89AED75-9930-48D6-AD54-2EA6AB61B104}.Debug|x64.Build.0 = Debug|x64
		{A89AED75-9930-48D6-AD54-2EA6AB61B104}.Release|x64.ActiveCfg = Release|x64
		{A89AED75-9930-48D6-AD54-2EA6AB61B104}.Release|x64.Build.0 = Release|x64
		{C8CF2C95-5FE7-44CA-AA53-9A6091754E4E}.Debug|x64.ActiveCfg = Debug|x64
		{C8CF2C95-5FE7-44CA-AA53-9A6091754E4E}.Debug|x64.Build.0 = Debug|x64
		{C8CF2C95-5FE7-44CA-AA53-9A6091754E4E}.Release|x64.ActiveCfg = Release|x64
		{C8CF2C95-5FE7-44CA-AA53-9A6091754E4E}.Release|x64.Build.0 = Release|x64
		{F939D9BA-ADD7-4BCF-B7D2-A0E754CF9628}.Debug|x64.ActiveCfg = Debug|x64
		{F939D9BA-ADD7-4BCF-B7D2-A0E754CF9628}.Debug|x64.Build.0 = Debug|x64
		{F939D9BA-ADD7-4BCF-B7D2-A0E754CF9628}.Release|x64.ActiveCfg = Release|x64
		{F939D9BA-ADD7-4BCF-B7D2-A0E754CF9628}.Release|x64.Build.0 = Release|x64
		{5F253D79-21A3-4CE8-A17E-EB96D0B41CF8}.Debug|x64.ActiveCfg = Debug|x64
		{5F253D79-21A3-4CE8-A17E-EB96D0B41CF8}.Debug|x64.Build.0 = Debug|x64
		{5F253D79-21A3-4CE8-A17E-EB96D0B41CF8}.Release|x64.ActiveCfg = Release|x64
		{5F253D79-21A3-4CE8-A17E-EB96D0B41CF8}.Release|x64.Build.0 = Release|x64
		{85F5C7BF-E653-4D4C-B4E9-A41A4D519AB6}.Debug|x64.ActiveCfg = Debug|x64
		{85F5C7BF-E653-4D4C-B4E9-A41A4D519AB6}.Debug|x64.Build.0 = Debug|x64
		{85F5C7BF-E653-4D4C-B4E9-A41A4D519AB6}.Release|x64.ActiveCfg = Release|x64
		{85F5C7BF-E653-4D4C-B4E9-A41A4D519AB6}.Release|x64.Build.0 = Release|x64
		{33A3B652-AC4D-4BC3-99DC-488B8B242E9B}.Debug|x64.ActiveCfg = Debug|x64
		{33A3B652-AC4D-4BC3-99DC-488B8B242E9B}.Debug|x64.Build.0 = Debug|x64
		{33A3B652-AC4D-4BC3-99DC-488B8B242E9B}.Release|x64.ActiveCfg = Release|x64
		{33A3B652-AC4D-4BC3-99DC-488B8B242E9B}.Release|x64.Build.0 = Release|x64
		{32726A9B-AB09-4E70-845F-BD3F5343A205}.Debug|x64.ActiveCfg = Debug|x64
		{32726A9B-AB09-4E70-845F-BD3F5343A205}.Debug|x64.Build.0 = Debug|x64
		{32726A9B-AB09-4E70-845F-BD3F5343A205}.Release|x64.ActiveCfg = Release|x64
		{32726A9B-AB09-4E70-845F-BD3F5343A205}.Release|x64.Build.0 = Release|x64
		{554301A8-2FD7-4DA7-8B43-53F628DF75A0}.Debug|x64.ActiveCfg = Debug|x64
		{554301A8-2FD7-4DA7-8B43-53F628DF75A0}.Debug|x64.Build.0 = Debug|x64
		{554301A8-2FD7-4DA7-8B43-53F628DF75A0}.Release|x64.ActiveCfg = Release|x64
		{554301A8-2FD7-4DA7-8B43-53F628DF75A0}.Release|x64.Build.0 = Release|x64
		{474DCAE7-4622-4388-9C19-D346FD33A06E}.Debug|x64.ActiveCfg = Debug|x64
		{474DCAE7-4622-4388-9C19-D346FD33A06E}.Debug|x64.Build.0 = Debug|x64
		{474DCAE7-4622-4388-9C19-D346FD33A06E}.Release|x64.ActiveCfg = Release|x64
		{474DCAE7-4622-4388-9C19-D346FD33A06E}.Release|x64.Build.0 = Release|x64
		{4C2CB18F-0C36-4DEA-850B-5CAFD8399209}.Debug|x64.ActiveCfg = Debug|x64
		{4C2CB18F-0C36-4DEA-850B-5CAFD8399209}.Debug|x64.Build.0 = Debug|x64
		{4C2CB18F-0C36-4DEA-850B-5CAFD8399209}.Release|x64.ActiveCfg = Release|x64
		{4C2CB18F-0C36-4DEA-850B-5CAFD8399209}.Release|x64.Build.0 = Release|x64
		{EAD731F3-68CE-4ECA-984F-4B45DA571AC1}.Debug|x64.ActiveCfg = Debug|x64
		{EAD731F3-68CE-4ECA-984F-4B45DA571AC1}.Debug|x64.Build.0 = Debug|x64
		{EAD731F3-68CE-4ECA-984F-4B45DA571AC1}.Release|x64.ActiveCfg = Release|x64
		{EAD731F3-68CE-4ECA-984F-4B45DA571AC1}.Release|x64.Build.0 = Release|x64
		{88B34D60-E12A-4626-BEAB-BBB253C14966}.Debug|x64.ActiveCfg = Debug|x64
		{88B34D60-E12A-4626-BEAB-BBB253C14966}.Debug|x64.Build.0 = Debug|x64
		{88B34D60-E12A-4626-BEAB-BBB253C14966}.Release|x64.ActiveCfg = Release|x64
		{88B34D60-E12A-4626-BEAB-BBB253C14966}.Release|x64.Build.0 = Release|x64
		{1D2C4A43-090B-400B-AC35-DF0F9DDEA031}.Debug|x64.ActiveCfg = Debug|x64
		{1D2C4A43-090B-400B-AC35-DF0F9DDEA031}.Debug|x64.Build.0 = Debug|x64
		{1D2C4A43-090B-400B-AC35-DF0F9DDEA031}.Release|x64.ActiveCfg = Release|x64
		{1D2C4A43-090B-400B-AC35-DF0F9DDEA031}.Release|x64.Build.0 = Release|x64
		{576DB566-6A02-4D3D-A6D3-3C8559947232}.Debug|x64.ActiveCfg = Debug|x64
		{576DB566-6A02-4D3D-A6D3-3C8559947232}.Debug|x64.Build.0 = Debug|x64
		{576DB566-6A02-4D3D-A6D3-3C8559947232}.Release|x64.ActiveCfg = Release|x64
		{576DB566-6A02-4D3D-A6D3-3C8559947232}.Release|x64.Build.0 = Release|x64
		{237587A6-711E-477C-B78F-21EA84602E5D}.Debug|x64.ActiveCfg = Debug|x64
		{237587A6-711E-477C-B78F-21EA84602E5D}.Debug|x64.Build.0 = Debug|x64
		{237587A6-711E-477C-B78F-21EA84602E5D}.Release|x64.ActiveCfg = Release|x64
		{237587A6-711E-477C-B78F-21EA84602E5D}.Release|x64.Build.0 = Release|x64
		{9733CE66-D152-475E-9002-AAB0B6E1BA14}.Debug|x64.ActiveCfg = Debug|x64
		{9733CE66-D152-475E-9002-AAB0B6E1BA14}.Debug|x64.Build.0 = Debug|x64
		{9733CE66-D152-475E-9002-AAB0B6E1BA14}.Release|x64.ActiveCfg = Release|x64
		{9733CE66-D152-475E-9002-AAB0B6E1BA14}.Release|x64.Build.0 = Release|x64
		{0664CCD8-6AFC-444E-93AF-321FEBB717A8}.Debug|x64.ActiveCfg = Debug|x64
		{0664CCD8-6AFC-444E-93AF-321FEBB717A8}.Debug|x64.Build.0 = Debug|x64
		{0664CCD8-6AFC-444E-93AF-321FEBB717A8}.Release|x64.ActiveCfg = Release|x64
		{0664CCD8-6AFC-444E-93AF-321FEBB717A8}.Release|x64.Build.0 = Release|x64
		{578A9DC1-A5BA-4594-A4F6-DE7926E7AB05}.Debug|x64.ActiveCfg = Debug|x64
		{578A9DC1-A5BA-4594-A4F6-DE7926E7AB05}.Debug|x64.Build.0 = Debug|x64
		{578A9DC1-A5BA-4594-A4F6-DE7926E7AB05}.Release|x64.ActiveCfg = Release|x64
		{578A9DC1-A5BA-4594-A4F6-DE7926E7AB05}.Release|x64.Build.0 = Release|x64
		{9985040D-3C34-4545-81E5-CFE667DE3DFD}.Debug|x64.ActiveCfg = Debug|x64
		{9985040D-3C34-4545-81E5-CFE667DE3DFD}.Debug|x64.Build.0 = Debug|x64
		{9985040D-3C34-4545-81E5-CFE667DE3DFD}.Release|x64.ActiveCfg = Release|x64
		{9985040D-3C34-4545-81E5-CFE667DE3DFD}.Release|x64.Build.0 = Release|x64
		{F3AC65D8-BF6E-4487-8ACD-C13A9074F953}.Debug|x64.ActiveCfg = Debug|x64
		{F3AC65D8-BF6E-4487-8ACD-C13A9074F953}.Debug|x64.Build.0 = Debug|x64
		{F3AC65D8-BF6E-4487-8ACD-C13A9074F953}.Release|x64.ActiveCfg = Release|x64
		{F3AC65D8-BF6E-4487-8ACD-C13A9074F953}.Release|x64.Build.0 = Release|x64
		{84744033-F405-4E44-9515-4C721A9D68D7}.Debug|x64.ActiveCfg = Debug|x64
		{84744033-F405-4E44-9515-4C721A9D68D7}.Debug|x64.Build.0 = Debug|x64
		{84744033-F405-4E44-9515-4C721A9D68D7}.Release|x64.ActiveCfg = Release|x64
		{84744033-F405-4E44-9515-4C721A9D68D7}.Release|x64.Build.0 = Release|x64
		{EACB8322-20D8-4363-AAEB-6F4682834A97}.Debug|x64.ActiveCfg = Debug|x64
		{EACB8322-20D8-4363-AAEB-6F4682834A97}.Debug|x64.Build.0 = Debug|x64
		{EACB8322-20D8-4363-AAEB-6F4682834A97}.Release|x64.ActiveCfg = Release|x64
		{EACB8322-20D8-4363-AAEB-6F4682834A97}.Release|x64.Build.0 = Release|x64
		{C6799435-B330-4B59-92F7-F2B2EFB35761}.Debug|x64.ActiveCfg = Debug|x64
		{C6799435-B330-4B59-92F7-F2B2EFB35761}.Debug|x64.Build.0 = Debug|x64
		{C6799435-B330-4B59-92F7-F2B2EFB35761}.Release|x64.ActiveCfg = Release|x64
		{C6799435-B330-4B59-92F7-F2B2EFB35761}.Release|x64.Build.0 = Release|x64
		{C1C2E155-D53D-4A2C-A480-314086EEF44D}.Debug|x64.ActiveCfg = Debug|x64
		{C1C2E155-D53D-4A2C-A480-314086EEF44D}.Debug|x64.Build.0 = Debug|x64
		{C1C2E155-D53D-4A2C-A480-314086EEF44D}.Release|x64.ActiveCfg = Release|x64
		{C1C2E155-D53D-4A2C-A480-314086EEF44D}.Release|x64.Build.0 = Release|x64
		{D15ADD2B-33D8-4638-AEDA-3AC191FD85AE}.Debug|x64.ActiveCfg = Debug|x64
		{D15ADD2B-33D8-4638-AEDA-3AC191FD85AE}.Debug|x64.Build.0 = Debug|x64
		{D15ADD2B-33D8-4638-AEDA-3AC191FD85AE}.Release|x64.ActiveCfg = Release|x64
		{D15ADD2B-33D8-4638-AEDA-3AC191FD85AE}.Release|x64.Build.0 = Release|x64
		{3697F166-4C54-404B-B51C-DAD3DDFFDA42}.Debug|x64.ActiveCfg = Debug|x64
		{3697F166-4C54-404B-B51C-DAD3DDFFDA42}.Debug|x64.Build.0 = Debug|x64
		{3697F166-4C54-404B-B51C-DAD3DDFFDA42}.Release|x64.ActiveCfg = Release|x64
		{3697F166-4C54-404B-B51C-DAD3DDFFDA42}.Release|x64.Build.0 = Release|x64
		{45C6EFBD-B3F5-4D33-9329-0CC95331DFFD}.Debug|x64.ActiveCfg = Debug|x64
		{45C6EFBD-B3F5-4D33-9329-0CC95331DFFD}.Debug|x64.Build.0 = Debug|x64
		{45C6EFBD-B3F5-4D33-9329-0CC95331DFFD}.Release|x64.ActiveCfg = Release|x64
		{45C6EFBD-B3F5-4D33-9329-0CC95331DFFD}.Release|x64.Build.0 = Release|x64
		{EE6D50EA-AE86-4D86-A647-285C098E953F}.Debug|x64.ActiveCfg = Debug|x64
		{EE6D50EA-AE86-4D86-A647-285C098E953F}.Debug|x64.Build.0 = Debug|x64
		{EE6D50EA-AE86-4D86-A647-285C098E953F}.Release|x64.ActiveCfg = Release|x64
		{EE6D50EA-AE86-4D86-A647-285C098E953F}.Release|x64.Build.0 = Release|x64
		{F245405E-BD7C-4BAB-80C7-0B25FC05ED33}.Debug|x64.ActiveCfg = Debug|x64
		{F245405E-BD7C-4BAB-80C7-0B25FC05ED33}.Debug|x64.Build.0 = Debug|x64
		{F245405E-BD7C-4BAB-80C7-0B25FC05ED33}.Release|x64.ActiveCfg = Release|x64
		{F245405E-BD7C-4BAB-80C7-0B25FC05ED33}.Release|x64.Build.0 = Release|x64
		{186BDF25-DF9E-424A-A7D1-6D9D1608C918}.Debug|x64.ActiveCfg = Debug|x64
		{186BDF25-DF9E-424A-A7D1-6D9D1608C918}.Debug|x64.Build.0 = Debug|x64
		{186BDF25-DF9E-424A-A7D1-6D9D1608C918}.Release|x64.ActiveCfg = Release|x64
		{186BDF25-DF9E-424A-A7D1-6D9D1608C918}.Release|x64.Build.0 = Release|x64
		{3F450623-D872-40ED-8CF0-697FE21BBFE4}.Debug|x64.ActiveCfg = Debug|x64
		{3F450623-D872-40ED-8CF0-697FE21BBFE4}.Debug|x64.Build.0 = Debug|x64
		{3F450623-D872-40ED-8CF0-697FE21BBFE4}.Release|x64.ActiveCfg = Release|x64
		{3F450623-D872-40ED-8CF0-697FE21BBFE4}.Release|x64.Build.0 = Release|x64
		{161135A7-96AF-4008-A7D7-C332098EA6F1}.Debug|x64.ActiveCfg = Debug|x64
		{161135A7-96AF-4008-A7D7-C332098EA6F1}.Debug|x64.Build.0 = Debug|x64
		{161135A7-96AF-4008-A7D7-C332098EA6F1}.Release|x64.ActiveCfg = Release|x64
		{161135A7-96AF-4008-A7D7-C332098EA6F1}.Release|x64.Build.0 = Release|x64
		{3EEAEF82-F3DE-440D-9510-A73FFEC50D78}.Debug|x64.ActiveCfg = Debug|x64
		{3EEAEF82-F3DE-440D-9510-A73FFEC50D78}.Debug|x64.Build.0 = Debug|x64
		{3EEAEF82-F3DE-440D-9510-A73FFEC50D78}.Release|x64.ActiveCfg = Release|x64
		{3EEAEF82-F3DE-440D-9510-A73FFEC50D78}.Release|x64.Build.0 = Release|x64
		{5AE15CB7-EB90-476F-87F3-DFB4EF74C12E}.Debug|x64.ActiveCfg = Debug|x64
		{5AE15CB7-EB90-476F-87F3-DFB4EF74C12E}.Debug|x64.Build.0 = Debug|x64
		{5AE15CB7-EB90-476F-87F3-DFB4EF74C12E}.Release|x64.ActiveCfg = Release|x64
		{5AE15CB7-EB90-476F-87F3-DFB4EF74C12E}.Release|x64.Build.0 = Release|x64
		{59140ED4-C580-4F62-B9D8-F71F121D6F8B}.Debug|x64.ActiveCfg = Debug|x64
		{59140ED4-C580-4F62-B9D8-F71F121D6F8B}.Debug|x64.Build.0 = Debug|x64
		{59140ED4-C580-4F62-B9D8-F71F121D6F8B}.Release|x64.ActiveCfg = Release|x64
		{59140ED4-C580-4F62-B9D8-F71F121D6F8B}.Release|x64.Build.0 = Release|x64
		{47F0A404-50BF-4744-AEBA-66986B975542}.Debug|x64.ActiveCfg = Debug|x64
		{47F0A404-50BF-4744-AEBA-66986B975542}.Debug|x64.Build.0 = Debug|x64
		{47F0A404-50BF-4744-AEBA-66986B975542}.Release|x64.ActiveCfg = Release|x64
		{47F0A404-50BF-4744-AEBA-66986B975542}.Release|x64.Build.0 = Release|x64
		{E242436C-E8A4-4929-8DAE-126F3F06E857}.Debug|x64.ActiveCfg = Debug|x64
		{E242436C-E8A4-4929-8DAE-126F3F06E857}.Debug|x64.Build.0 = Debug|x64
		{E242436C-E8A4-4929-8DAE-126F3F06E857}.Release|x64.ActiveCfg = Release|x64
		{E242436C-E8A4-4929-8DAE-126F3F06E857}.Release|x64.Build.0 = Release|x64
		{122DD879-B65C-47AB-9292-E4253D57A39C}.Debug|x64.ActiveCfg = Debug|x64
		{122DD879-B65C-47AB-9292-E4253D57A39C}.Debug|x64.Build.0 = Debug|x64
		{122DD879-B65C-47AB-9292-E4253D57A39C}.Release|x64.ActiveCfg = Release|x64
		{122DD879-B65C-47AB-9292-E4253D57A39C}.Release|x64.Build.0 = Release|x64
		{50730014-F436-4764-B5BB-1DA913ABDBDB}.Debug|x64.ActiveCfg = Debug|x64
		{50730014-F436-4764-B5BB-1DA913ABDBDB}.Debug|x64.Build.0 = Debug|x64
		{50730014-F436-4764-B5BB-1DA913ABDBDB}.Release|x64.ActiveCfg = Release|x64
		{50730014-F436-4764-B5BB-1DA913ABDBDB}.Release|x64.Build.0 = Release|x64
		{6555686C-0990-4A41-ACFF-86DC84AB9014}.Debug|x64.ActiveCfg = Debug|x64
		{6555686C-0990-4A41-ACFF-86DC84AB9014}.Debug|x64.Build.0 = Debug|x64
		{6555686C-0990-4A41-ACFF-86DC84AB9014}.Release|x64.ActiveCfg = Release|x64
		{6555686C-0990-4A41-ACFF-86DC84AB9014}.Release|x64.Build.0 = Release|x64
		{5890A2C1-5047-4976-A4B2-D51741FDA888}.Debug|x64.ActiveCfg = Debug|x64
		{5890A2C1-5047-4976-A4B2-D51741FDA888}.Debug|x64.Build.0 = Debug|x64
		{5890A2C1-5047-4976-A4B2-D51741FDA888}.Release|x64.ActiveCfg = Release|x64
		{5890A2C1-5047-4976-A4B2-D51741FDA888}.Release|x64.Build.0 = Release|x64
		{B34166F2-099A-455B-90FA-DBAEB790A509}.Debug|x64.ActiveCfg = Debug|x64
		{B34166F2-099A-455B-90FA-DBAEB790A509}.Debug|x64.Build.0 = Debug|x64
		{B34166F2-099A-455B-90FA-DBAEB790A509}.Release|x64.ActiveCfg = Release|x64
		{B34166F2-099A-455B-90FA-DBAEB790A509}.Release|x64.Build.0 = Release|x64
		{EECAFA8F-1233-441A-9058-7B9B3B2D597E}.Debug|x64.ActiveCfg = Debug|x64
		{EECAFA8F-1233-441A-9058-7B9B3B2D597E}.Debug|x64.Build.0 = Debug|x64
		{EECAFA8F-1233-441A-9058-7B9B3B2D597E}.Release|x64.ActiveCfg = Release|x64
		{EECAFA8F-1233-441A-9058-7B9B3B2D597E}.Release|x64.Build.0 = Release|x64
		{4C4AD82F-076A-4019-A191-DAEDCF8AD7B9}.Debug|x64.ActiveCfg = Debug|x64
		{4C4AD82F-076A-4019-A191-DAEDCF8AD7B9}.Debug|x64.Build.0 = Debug|x64
		{4C4AD82F-076A-4019-A191-DAEDCF8AD7B9}.Release|x64.ActiveCfg = Release|x64
		{4C4AD82F-076A-4019-A191-DAEDCF8AD7B9}.Release|x64.Build.0 = Release|x64
		{06D5EBB5-3CBE-4E24-B537-A150E6522289}.Debug|x64.ActiveCfg = Debug|x64
		{06D5EBB5-3CBE-4E24-B537-A150E6522289}.Debug|x64.Build.0 = Debug|x64
		{06D5EBB5-3CBE-4E24-B537-A150E6522289}.Release|x64.ActiveCfg = Release|x64
		{06D5EBB5-3CBE-4E24-B537-A150E6522289}.Release|x64.Build.0 = Release|x64
		{A30EA704-0A40-49B8-A1B5-21C2D60AF7FF}.Debug|x64.ActiveCfg = Debug|x64
		{A30EA704-0A40-49B8-A1B5-21C2D60AF7FF}.Debug|x64.Build.0 = Debug|x64
		{A30EA704-0A40-49B8-A1B5-21C2D60AF7FF}.Release|x64.ActiveCfg = Release|x64
		{A30EA704-0A40-49B8-A1B5-21C2D60AF7FF}.Release|x64.Build.0 = Release|x64
		{83EC2E84-3196-4816-95CB-F0C1817C78CE}.Debug|x64.ActiveCfg = Debug|x64
		{83EC2E84-3196-4816-95CB-F0C1817C78CE}.Debug|x64.Build.0 = Debug|x64
		{83EC2E84-3196-4816-95CB-F0C1817C78CE}.Release|x64.ActiveCfg = Release|x64
		{83EC2E84-3196-4816-95CB-F0C1817C78CE}.Release|x64.Build.0 = Release|x64
		{21A9266F-6262-4B77-A4C4-FEC04E824F3F}.Debug|x64.ActiveCfg = Debug|x64
		{21A9266F-6262-4B77-A4C4-FEC04E824F3F}.Debug|x64.Build.0 = Debug|x64
		{21A9266F-6262-4B77-A4C4-FEC04E824F3F}.Release|x64.ActiveCfg = Release|x64
		{21A9266F-6262-4B77-A4C4-FEC04E824F3F}.Release|x64.Build.0 = Release|x64
		{45E38BA7-DD5A-4EFF-8D2B-931AB5F6FE2E}.Debug|x64.ActiveCfg = Debug|x64
		{45E38BA7-DD5A-4EFF-8D2B-931AB5F6FE2E}.Debug|x64.Build.0 = Debug|x64
		{45E38BA7-DD5A-4EFF-8D2B-931AB5F6FE2E}.Release|x64.ActiveCfg = Release|x64
		{45E38BA7-DD5A-4EFF-8D2B-931AB5F6FE2E}.Release|x64.Build.0 = Release|x64
		{C9F67C9C-ADF2-42A5-AE69-30A66D92FBE7}.Debug|x64.ActiveCfg = Debug|x64
		{C9F67C9C-ADF2-42A5-AE69-30A66D92FBE7}.Debug|x64.Build.0 = Debug|x64
		{C9F67C9C-ADF2-42A5-AE69-30A66D92FBE7}.Release|x64.ActiveCfg = Release|x64
		{C9F67C9C-ADF2-42A5-AE69-30A66D92FBE7}.Release|x64.Build.0 = Release|x64
		{CC210F71-2AE3-4EA3-BCCF-798372BE3AAC}.Debug|x64.ActiveCfg = Debug|x64
		{CC210F71-2AE3-4EA3-BCCF-798372BE3AAC}.Debug|x64.Build.0 = Debug|x64
		{CC210F71-2AE3-4EA3-BCCF-798372BE3AAC}.Release|x64.ActiveCfg = Release|x64
		{CC210F71-2AE3-4EA3-BCCF-798372BE3AAC}.Release|x64.Build.0 = Release|x64
		{A67123FA-0EA2-4BA3-BBE3-49747581EDA6}.Debug|x64.ActiveCfg = Debug|x64
		{A67123FA-0EA2-4BA3-BBE3-49747581EDA6}.Debug|x64.Build.0 = Debug|x64
		{A67123FA-0EA2-4BA3-BBE3-49747581EDA6}.Release|x64.ActiveCfg = Release|x64
		{A67123FA-0EA2-4BA3-BBE3-49747581EDA6}.Release|x64.Build.0 = Release|x64
		{B7C7D6FE-CC2C-45A4-AA5B-A2B87F6654F3}.Debug|x64.ActiveCfg = Debug|x64
		{B7C7D6FE-CC2C-45A4-AA5B-A2B87F6654F3}.Debug|x64.Build.0 = Debug|x64
		{B7C7D6FE-CC2C-45A4-AA5B-A2B87F6654F3}.Release|x64.ActiveCfg = Release|x64
		{B7C7D6FE-CC2C-45A4-AA5B-A2B87F6654F3}.Release|x64.Build.0 = Release|x64
		{BADE3632-E2D6-47EC-9764-1C9EC2A8F94C}.Debug|x64.ActiveCfg = Debug|x64
		{BADE3632-E2D6-47EC-9764-1C9EC2A8F94C}.Debug|x64.Build.0 = Debug|x64
		{BADE3632-E2D6-47EC-9764-1C9EC2A8F94C}.Release|x64.ActiveCfg = Release|x64
		{BADE3632-E2D6-47EC-9764-1C9EC2A8F94C}.Release|x64.Build.0 = Release|x64
		{D48BAC26-B41E-4D6B-A6D1-BB9CFCF9CE47}.Debug|x64.ActiveCfg = Debug|x64
		{D48BAC26-B41E-4D6B-A6D1-BB9CFCF9CE47}.Debug|x64.Build.0 = Debug|x64
		{D48BAC26-B41E-4D6B-A6D1-BB9CFCF9CE47}.Release|x64.ActiveCfg = Release|x64
		{D48BAC26-B41E-4D6B-A6D1-BB9CFCF9CE47}.Release|x64.Build.0 = Release|x64
		{95EFD069-A2D8-4ACF-993B-A65449A8B631}.Debug|x64.ActiveCfg = Debug|x64
		{95EFD069-A2D8-4ACF-993B-A65449A8B631}.Debug|x64.Build.0 = Debug|x64
		{95EFD069-A2D8-4ACF-993B-A65449A8B631}.Release|x64.ActiveCfg = Release|x64
		{95EFD069-A2D8-4ACF-993B-A65449A8B631}.Release|x64.Build.0 = Release|x64
		{653D447B-A79C-4CE9-BEBC-CD9FDAD245E6}.Debug|x64.ActiveCfg = Debug|x64
		{653D447B-A79C-4CE9-BEBC-CD9FDAD245E6}.Debug|x64.Build.0 = Debug|x64
		{653D447B-A79C-4CE9-BEBC-CD9FDAD245E6}.Release|x64.ActiveCfg = Release|x64
		{653D447B-A79C-4CE9-BEBC-CD9FDAD245E6}.Release|x64.Build.0 = Release|x64
		{2BC456C2-2D1B-4544-A3F7-B9161BC173B1}.Debug|x64.ActiveCfg = Debug|x64
		{2BC456C2-2D1B-4544-A3F7-B9161BC173B1}.Debug|x64.Build.0 = Debug|x64
		{2BC456C2-2D1B-4544-A3F7-B9161BC173B1}.Release|x64.ActiveCfg = Release|x64
		{2BC456C2-2D1B-4544-A3F7-B9161BC173B1}.Release|x64.Build.0 = Release|x64
		{EF350FF6-426B-4930-AA55-EB5E25679F83}.Debug|x64.ActiveCfg = Debug|x64
		{EF350FF6-426B-4930-AA55-EB5E25679F83}.Debug|x64.Build.0 = Debug|x64
		{EF350FF6-426B-4930-AA55-EB5E25679F83}.Release|x64.ActiveCfg = Release|x64
		{EF350FF6-426B-4930-AA55-EB5E25679F83}.Release|x64.Build.0 = Release|x64
		{7E4CDF6C-C31C-4A42-A573-082F66EE588E}.Debug|x64.ActiveCfg = Debug|x64
		{7E4CDF6C-C31C-4A42-A573-082F66EE588E}.Debug|x64.Build.0 = Debug|x64
		{7E4CDF6C-C31C-4A42-A573-082F66EE588E}.Release|x64.ActiveCfg = Release|x64
		{7E4CDF6C-C31C-4A42-A573-082F66EE588E}.Release|x64.Build.0 = Release|x64
		{7C630BFB-F7D8-4D55-A48A-D610418E9066}.Debug|x64.ActiveCfg = Debug|x64
		{7C630BFB-F7D8-4D55-A48A-D610418E9066}.Debug|x64.Build.0 = Debug|x64
		{7C630BFB-F7D8-4D55-A48A-D610418E9066}.Release|x64.ActiveCfg = Release|x64
		{7C630BFB-F7D8-4D55-A48A-D610418E9066}.Release|x64.Build.0 = Release|x64
		{3E5C543D-1244-462B-B975-F74F18C02FC2}.Debug|x64.ActiveCfg = Debug|x64
		{3E5C543D-1244-462B-B975-F74F18C02FC2}.Debug|x64.Build.0 = Debug|x64
		{3E5C543D-1244-462B-B975-F74F18C02FC2}.Release|x64.ActiveCfg = Release|x64
		{3E5C543D-1244-462B-B975-F74F18C02FC2}.Release|x64.Build.0 = Release|x64
		{5389EBA3-1F04-4D08-A5DF-3336A5EC5F86}.Debug|x64.ActiveCfg = Debug|x64
		{5389EBA3-1F04-4D08-A5DF-3336A5EC5F86}.Debug|x64.Build.0 = Debug|x64
		{5389EBA3-1F04-4D08-A5DF-3336A5EC5F86}.Release|x64.ActiveCfg = Release|x64
		{5389EBA3-1F04-4D08-A5DF-3336A5EC5F86}.Release|x64.Build.0 = Release|x64
		{6E218134-DD35-4081-B0F6-6B510A083216}.Debug|x64.ActiveCfg = Debug|x64
		{6E218134-DD35-4081-B0F6-6B510A083216}.Debug|x64.Build.0 = Debug|x64
		{6E218134-DD35-4081-B0F6-6B510A083216}.Release|x64.ActiveCfg = Release|x64
		{6E218134-DD35-4081-B0F6-6B510A083216}.Release|x64.Build.0 = Release|x64
		{5D844EC4-EB3D-4A2E-A6D9-1B4F42D75C42}.Debug|x64.ActiveCfg = Debug|x64
		{5D844EC4-EB3D-4A2E-A6D9-1B4F42D75C42}.Debug|x64.Build.0 = Debug|x64
		{5D844EC4-EB3D-4A2E-A6D9-1B4F42D75C42}.Release|x64.ActiveCfg = Release|x64
		{5D844EC4-EB3D-4A2E-A6D9-1B4F42D75C42}.Release|x64.Build.0 = Release|x64
		{94152A25-9452-47C3-9987-60E1D807B87B}.Debug|x64.ActiveCfg = Debug|x64
		{94152A25-9452-47C3-9987-60E1D807B87B}.Debug|x64.Build.0 = Debug|x64
		{94152A25-9452-47C3-9987-60E1D807B87B}.Release|x64.ActiveCfg = Release|x64
		{94152A25-9452-47C3-9987-60E1D807B87B}.Release|x64.Build.0 = Release|x64
	EndGlobalSection
	GlobalSection(SolutionProperties) = preSolution
		HideSolutionNode = FALSE
	EndGlobalSection
	GlobalSection(ExtensibilityGlobals) = postSolution
		SolutionGuid = {CF51E47C-6B1F-4E8B-8B4E-E14973AF6BE6}
	EndGlobalSection
EndGlobal
